
Microsoft Visual Studio Solution File, Format Version 10.00
# Visual Studio 2008
Project("{8BC9CEB8-8B4A-11D0-8D11-00A0C91BC942}") = "T03PERM", "T03PERM.vcproj", "{DEB23FC9-07CC-4C54-8740-0685E5BDAE05}"
EndProject
Global
	GlobalSection(SolutionConfigurationPlatforms) = preSolution
		Debug|Win32 = Debug|Win32
		Release|Win32 = Release|Win32
	EndGlobalSection
	GlobalSection(ProjectConfigurationPlatforms) = postSolution
		{DEB23FC9-07CC-4C54-8740-0685E5BDAE05}.Debug|Win32.ActiveCfg = Debug|Win32
		{DEB23FC9-07CC-4C54-8740-0685E5BDAE05}.Debug|Win32.Build.0 = Debug|Win32
		{DEB23FC9-07CC-4C54-8740-0685E5BDAE05}.Release|Win32.ActiveCfg = Release|Win32
		{DEB23FC9-07CC-4C54-8740-0685E5BDAE05}.Release|Win32.Build.0 = Release|Win32
	EndGlobalSection
	GlobalSection(SolutionProperties) = preSolution
		HideSolutionNode = FALSE
	EndGlobalSection
EndGlobal
